{
  "requires": true,
  "lockfileVersion": 1,
  "dependencies": {
    "@types/seedrandom": {
      "version": "2.4.27",
      "resolved": "http://registry.npm.taobao.org/@types/seedrandom/download/@types/seedrandom-2.4.27.tgz",
      "integrity": "sha1-nbVjk33YaRX2kJK8QyWdL0hXjkE="
    },
    "seedrandom": {
      "version": "3.0.1",
      "resolved": "http://registry.npm.taobao.org/seedrandom/download/seedrandom-3.0.1.tgz",
      "integrity": "sha1-6z3eAVvPVd8FojNRTl30Tvnc4IM="
    }
  }
}
